
Microsoft Visual Studio Solution File, Format Version 12.00
# Visual Studio Version 16
VisualStudioVersion = 25.0.1705.0
MinimumVisualStudioVersion = 10.0.40219.1
Project("{FAE04EC0-301F-11D3-BF4B-00C04F79EFBC}") = "Week15OOPAndFiles", "Week15OOPAndFiles\Week15OOPAndFiles.csproj", "{58BD5E1A-1A15-4524-BC9B-DDF64CE9001B}"
EndProject
Global
	GlobalSection(SolutionConfigurationPlatforms) = preSolution
		Debug|Any CPU = Debug|Any CPU
		Release|Any CPU = Release|Any CPU
	EndGlobalSection
	GlobalSection(ProjectConfigurationPlatforms) = postSolution
		{58BD5E1A-1A15-4524-BC9B-DDF64CE9001B}.Debug|Any CPU.ActiveCfg = Debug|Any CPU
		{58BD5E1A-1A15-4524-BC9B-DDF64CE9001B}.Debug|Any CPU.Build.0 = Debug|Any CPU
		{58BD5E1A-1A15-4524-BC9B-DDF64CE9001B}.Release|Any CPU.ActiveCfg = Release|Any CPU
		{58BD5E1A-1A15-4524-BC9B-DDF64CE9001B}.Release|Any CPU.Build.0 = Release|Any CPU
	EndGlobalSection
	GlobalSection(SolutionProperties) = preSolution
		HideSolutionNode = FALSE
	EndGlobalSection
	GlobalSection(ExtensibilityGlobals) = postSolution
		SolutionGuid = {0A77377E-B27F-4374-ADCC-6E589A16931D}
	EndGlobalSection
EndGlobal
